
Microsoft Visual Studio Solution File, Format Version 12.00
Project("{2150E333-8FDC-42A3-9474-1A3956D46DE8}") = "Repository Items", "Repository Items", "{ECB61294-EDBC-4638-B3C1-5B59530D9566}"
ProjectSection(SolutionItems) = preProject
	.gitignore = .gitignore
	LICENSE = LICENSE
	README.md = README.md
EndProjectSection
EndProject
Project("{FAE04EC0-301F-11D3-BF4B-00C04F79EFBC}") = "UrfRidersBot", "src\UrfRidersBot.csproj", "{F88304FC-7808-43D0-BE06-83206CDC3FD4}"
EndProject
Global
	GlobalSection(SolutionConfigurationPlatforms) = preSolution
		Debug|Any CPU = Debug|Any CPU
		Release|Any CPU = Release|Any CPU
	EndGlobalSection
	GlobalSection(ProjectConfigurationPlatforms) = postSolution
		{F88304FC-7808-43D0-BE06-83206CDC3FD4}.Debug|Any CPU.ActiveCfg = Debug|Any CPU
		{F88304FC-7808-43D0-BE06-83206CDC3FD4}.Debug|Any CPU.Build.0 = Debug|Any CPU
		{F88304FC-7808-43D0-BE06-83206CDC3FD4}.Release|Any CPU.ActiveCfg = Release|Any CPU
		{F88304FC-7808-43D0-BE06-83206CDC3FD4}.Release|Any CPU.Build.0 = Release|Any CPU
	EndGlobalSection
EndGlobal
